{
  "name": "journal",
  "version": "1.0.0",
  "lockfileVersion": 1,
  "requires": true,
  "dependencies": {
    "file-saver": {
      "version": "2.0.2",
      "resolved": "https://registry.npmjs.org/file-saver/-/file-saver-2.0.2.tgz",
      "integrity": "sha512-Wz3c3XQ5xroCxd1G8b7yL0Ehkf0TC9oYC6buPFkNnU9EnaPlifeAFCyCh+iewXTyFRcg0a6j3J7FmJsIhlhBdw=="
    },
    "gscript2020": {
      "version": "git+https://github.com/Ehawk82/gScript2020.git#f445e9d6bd64ec5d72798dce5c3b38a3ea939828",
      "from": "git+https://github.com/Ehawk82/gScript2020.git",
      "dev": true
    }
  }
}
