{
  "name": "journal",
  "version": "1.0.0",
  "lockfileVersion": 1,
  "requires": true,
  "dependencies": {
    "gscript2020": {
      "version": "git+https://github.com/Ehawk82/gScript2020.git#7bd7d5eeaceded3924673029e207ffb5e99e3e3e",
      "from": "git+https://github.com/Ehawk82/gScript2020.git",
      "dev": true
    }
  }
}
