{
  "name": "journal",
  "version": "1.0.0",
  "lockfileVersion": 1,
  "requires": true,
  "dependencies": {
    "gscript2020": {
      "version": "git+https://github.com/Ehawk82/gScript2020.git#6983c83316f0b4cfde43f4f5b6db311fc2552859",
      "from": "git+https://github.com/Ehawk82/gScript2020.git",
      "dev": true
    }
  }
}
